// !$*UTF8*$!
{
	archiveVersion = 1;
	classes = {
	};
	objectVersion = 55;
	objects = {

/* Begin PBXBuildFile section */
		8B71A71D27C884FA00C954F2 /* AppDelegate.swift in Sources */ = {isa = PBXBuildFile; fileRef = 8B71A71C27C884FA00C954F2 /* AppDelegate.swift */; };
		8B71A71F27C884FA00C954F2 /* SceneDelegate.swift in Sources */ = {isa = PBXBuildFile; fileRef = 8B71A71E27C884FA00C954F2 /* SceneDelegate.swift */; };
		8B71A72127C884FA00C954F2 /* ViewController.swift in Sources */ = {isa = PBXBuildFile; fileRef = 8B71A72027C884FA00C954F2 /* ViewController.swift */; };
		8B71A72427C884FA00C954F2 /* Main.storyboard in Resources */ = {isa = PBXBuildFile; fileRef = 8B71A72227C884FA00C954F2 /* Main.storyboard */; };
		8B71A72627C884FB00C954F2 /* Assets.xcassets in Resources */ = {isa = PBXBuildFile; fileRef = 8B71A72527C884FB00C954F2 /* Assets.xcassets */; };
		8B71A72927C884FB00C954F2 /* LaunchScreen.storyboard in Resources */ = {isa = PBXBuildFile; fileRef = 8B71A72727C884FB00C954F2 /* LaunchScreen.storyboard */; };
		8B71A73427C884FB00C954F2 /* PM2_Practica4_CalculadoraTests.swift in Sources */ = {isa = PBXBuildFile; fileRef = 8B71A73327C884FB00C954F2 /* PM2_Practica4_CalculadoraTests.swift */; };
		8B71A73E27C884FB00C954F2 /* PM2_Practica4_CalculadoraUITests.swift in Sources */ = {isa = PBXBuildFile; fileRef = 8B71A73D27C884FB00C954F2 /* PM2_Practica4_CalculadoraUITests.swift */; };
		8B71A74027C884FB00C954F2 /* PM2_Practica4_CalculadoraUITestsLaunchTests.swift in Sources */ = {isa = PBXBuildFile; fileRef = 8B71A73F27C884FB00C954F2 /* PM2_Practica4_CalculadoraUITestsLaunchTests.swift */; };
		8B71A74D27C8853E00C954F2 /* SegundoViewController.swift in Sources */ = {isa = PBXBuildFile; fileRef = 8B71A74C27C8853E00C954F2 /* SegundoViewController.swift */; };
		8B8B1BCB27CE718F00C24471 /* CerebroCalculadora.swift in Sources */ = {isa = PBXBuildFile; fileRef = 8B8B1BCA27CE718F00C24471 /* CerebroCalculadora.swift */; };
		8B8B1BCD27CE729800C24471 /* IMSS.swift in Sources */ = {isa = PBXBuildFile; fileRef = 8B8B1BCC27CE729800C24471 /* IMSS.swift */; };
/* End PBXBuildFile section */

/* Begin PBXContainerItemProxy section */
		8B71A73027C884FB00C954F2 /* PBXContainerItemProxy */ = {
			isa = PBXContainerItemProxy;
			containerPortal = 8B71A71127C884FA00C954F2 /* Project object */;
			proxyType = 1;
			remoteGlobalIDString = 8B71A71827C884FA00C954F2;
			remoteInfo = "PM2-Practica4_Calculadora";
		};
		8B71A73A27C884FB00C954F2 /* PBXContainerItemProxy */ = {
			isa = PBXContainerItemProxy;
			containerPortal = 8B71A71127C884FA00C954F2 /* Project object */;
			proxyType = 1;
			remoteGlobalIDString = 8B71A71827C884FA00C954F2;
			remoteInfo = "PM2-Practica4_Calculadora";
		};
/* End PBXContainerItemProxy section */

/* Begin PBXFileReference section */
		8B71A71927C884FA00C954F2 /* PM2-Practica4_Calculadora.app */ = {isa = PBXFileReference; explicitFileType = wrapper.application; includeInIndex = 0; path = "PM2-Practica4_Calculadora.app"; sourceTree = BUILT_PRODUCTS_DIR; };
		8B71A71C27C884FA00C954F2 /* AppDelegate.swift */ = {isa = PBXFileReference; lastKnownFileType = sourcecode.swift; path = AppDelegate.swift; sourceTree = "<group>"; };
		8B71A71E27C884FA00C954F2 /* SceneDelegate.swift */ = {isa = PBXFileReference; lastKnownFileType = sourcecode.swift; path = SceneDelegate.swift; sourceTree = "<group>"; };
		8B71A72027C884FA00C954F2 /* ViewController.swift */ = {isa = PBXFileReference; lastKnownFileType = sourcecode.swift; path = ViewController.swift; sourceTree = "<group>"; };
		8B71A72327C884FA00C954F2 /* Base */ = {isa = PBXFileReference; lastKnownFileType = file.storyboard; name = Base; path = Base.lproj/Main.storyboard; sourceTree = "<group>"; };
		8B71A72527C884FB00C954F2 /* Assets.xcassets */ = {isa = PBXFileReference; lastKnownFileType = folder.assetcatalog; path = Assets.xcassets; sourceTree = "<group>"; };
		8B71A72827C884FB00C954F2 /* Base */ = {isa = PBXFileReference; lastKnownFileType = file.storyboard; name = Base; path = Base.lproj/LaunchScreen.storyboard; sourceTree = "<group>"; };
		8B71A72A27C884FB00C954F2 /* Info.plist */ = {isa = PBXFileReference; lastKnownFileType = text.plist.xml; path = Info.plist; sourceTree = "<group>"; };
		8B71A72F27C884FB00C954F2 /* PM2-Practica4_CalculadoraTests.xctest */ = {isa = PBXFileReference; explicitFileType = wrapper.cfbundle; includeInIndex = 0; path = "PM2-Practica4_CalculadoraTests.xctest"; sourceTree = BUILT_PRODUCTS_DIR; };
		8B71A73327C884FB00C954F2 /* PM2_Practica4_CalculadoraTests.swift */ = {isa = PBXFileReference; lastKnownFileType = sourcecode.swift; path = PM2_Practica4_CalculadoraTests.swift; sourceTree = "<group>"; };
		8B71A73927C884FB00C954F2 /* PM2-Practica4_CalculadoraUITests.xctest */ = {isa = PBXFileReference; explicitFileType = wrapper.cfbundle; includeInIndex = 0; path = "PM2-Practica4_CalculadoraUITests.xctest"; sourceTree = BUILT_PRODUCTS_DIR; };
		8B71A73D27C884FB00C954F2 /* PM2_Practica4_CalculadoraUITests.swift */ = {isa = PBXFileReference; lastKnownFileType = sourcecode.swift; path = PM2_Practica4_CalculadoraUITests.swift; sourceTree = "<group>"; };
		8B71A73F27C884FB00C954F2 /* PM2_Practica4_CalculadoraUITestsLaunchTests.swift */ = {isa = PBXFileReference; lastKnownFileType = sourcecode.swift; path = PM2_Practica4_CalculadoraUITestsLaunchTests.swift; sourceTree = "<group>"; };
		8B71A74C27C8853E00C954F2 /* SegundoViewController.swift */ = {isa = PBXFileReference; lastKnownFileType = sourcecode.swift; path = SegundoViewController.swift; sourceTree = "<group>"; };
		8B8B1BCA27CE718F00C24471 /* CerebroCalculadora.swift */ = {isa = PBXFileReference; lastKnownFileType = sourcecode.swift; path = CerebroCalculadora.swift; sourceTree = "<group>"; };
		8B8B1BCC27CE729800C24471 /* IMSS.swift */ = {isa = PBXFileReference; lastKnownFileType = sourcecode.swift; path = IMSS.swift; sourceTree = "<group>"; };
/* End PBXFileReference section */

/* Begin PBXFrameworksBuildPhase section */
		8B71A71627C884FA00C954F2 /* Frameworks */ = {
			isa = PBXFrameworksBuildPhase;
			buildActionMask = 2147483647;
			files = (
			);
			runOnlyForDeploymentPostprocessing = 0;
		};
		8B71A72C27C884FB00C954F2 /* Frameworks */ = {
			isa = PBXFrameworksBuildPhase;
			buildActionMask = 2147483647;
			files = (
			);
			runOnlyForDeploymentPostprocessing = 0;
		};
		8B71A73627C884FB00C954F2 /* Frameworks */ = {
			isa = PBXFrameworksBuildPhase;
			buildActionMask = 2147483647;
			files = (
			);
			runOnlyForDeploymentPostprocessing = 0;
		};
/* End PBXFrameworksBuildPhase section */

/* Begin PBXGroup section */
		8B71A71027C884FA00C954F2 = {
			isa = PBXGroup;
			children = (
				8B71A71B27C884FA00C954F2 /* PM2-Practica4_Calculadora */,
				8B71A73227C884FB00C954F2 /* PM2-Practica4_CalculadoraTests */,
				8B71A73C27C884FB00C954F2 /* PM2-Practica4_CalculadoraUITests */,
				8B71A71A27C884FA00C954F2 /* Products */,
			);
			sourceTree = "<group>";
		};
		8B71A71A27C884FA00C954F2 /* Products */ = {
			isa = PBXGroup;
			children = (
				8B71A71927C884FA00C954F2 /* PM2-Practica4_Calculadora.app */,
				8B71A72F27C884FB00C954F2 /* PM2-Practica4_CalculadoraTests.xctest */,
				8B71A73927C884FB00C954F2 /* PM2-Practica4_CalculadoraUITests.xctest */,
			);
			name = Products;
			sourceTree = "<group>";
		};
		8B71A71B27C884FA00C954F2 /* PM2-Practica4_Calculadora */ = {
			isa = PBXGroup;
			children = (
				8B71A71C27C884FA00C954F2 /* AppDelegate.swift */,
				8B71A71E27C884FA00C954F2 /* SceneDelegate.swift */,
				8B71A72027C884FA00C954F2 /* ViewController.swift */,
				8B71A72227C884FA00C954F2 /* Main.storyboard */,
				8B71A72527C884FB00C954F2 /* Assets.xcassets */,
				8B71A72727C884FB00C954F2 /* LaunchScreen.storyboard */,
				8B71A72A27C884FB00C954F2 /* Info.plist */,
				8B71A74C27C8853E00C954F2 /* SegundoViewController.swift */,
				8B8B1BCA27CE718F00C24471 /* CerebroCalculadora.swift */,
				8B8B1BCC27CE729800C24471 /* IMSS.swift */,
			);
			path = "PM2-Practica4_Calculadora";
			sourceTree = "<group>";
		};
		8B71A73227C884FB00C954F2 /* PM2-Practica4_CalculadoraTests */ = {
			isa = PBXGroup;
			children = (
				8B71A73327C884FB00C954F2 /* PM2_Practica4_CalculadoraTests.swift */,
			);
			path = "PM2-Practica4_CalculadoraTests";
			sourceTree = "<group>";
		};
		8B71A73C27C884FB00C954F2 /* PM2-Practica4_CalculadoraUITests */ = {
			isa = PBXGroup;
			children = (
				8B71A73D27C884FB00C954F2 /* PM2_Practica4_CalculadoraUITests.swift */,
				8B71A73F27C884FB00C954F2 /* PM2_Practica4_CalculadoraUITestsLaunchTests.swift */,
			);
			path = "PM2-Practica4_CalculadoraUITests";
			sourceTree = "<group>";
		};
/* End PBXGroup section */

/* Begin PBXNativeTarget section */
		8B71A71827C884FA00C954F2 /* PM2-Practica4_Calculadora */ = {
			isa = PBXNativeTarget;
			buildConfigurationList = 8B71A74327C884FC00C954F2 /* Build configuration list for PBXNativeTarget "PM2-Practica4_Calculadora" */;
			buildPhases = (
				8B71A71527C884FA00C954F2 /* Sources */,
				8B71A71627C884FA00C954F2 /* Frameworks */,
				8B71A71727C884FA00C954F2 /* Resources */,
			);
			buildRules = (
			);
			dependencies = (
			);
			name = "PM2-Practica4_Calculadora";
			productName = "PM2-Practica4_Calculadora";
			productReference = 8B71A71927C884FA00C954F2 /* PM2-Practica4_Calculadora.app */;
			productType = "com.apple.product-type.application";
		};
		8B71A72E27C884FB00C954F2 /* PM2-Practica4_CalculadoraTests */ = {
			isa = PBXNativeTarget;
			buildConfigurationList = 8B71A74627C884FC00C954F2 /* Build configuration list for PBXNativeTarget "PM2-Practica4_CalculadoraTests" */;
			buildPhases = (
				8B71A72B27C884FB00C954F2 /* Sources */,
				8B71A72C27C884FB00C954F2 /* Frameworks */,
				8B71A72D27C884FB00C954F2 /* Resources */,
			);
			buildRules = (
			);
			dependencies = (
				8B71A73127C884FB00C954F2 /* PBXTargetDependency */,
			);
			name = "PM2-Practica4_CalculadoraTests";
			productName = "PM2-Practica4_CalculadoraTests";
			productReference = 8B71A72F27C884FB00C954F2 /* PM2-Practica4_CalculadoraTests.xctest */;
			productType = "com.apple.product-type.bundle.unit-test";
		};
		8B71A73827C884FB00C954F2 /* PM2-Practica4_CalculadoraUITests */ = {
			isa = PBXNativeTarget;
			buildConfigurationList = 8B71A74927C884FC00C954F2 /* Build configuration list for PBXNativeTarget "PM2-Practica4_CalculadoraUITests" */;
			buildPhases = (
				8B71A73527C884FB00C954F2 /* Sources */,
				8B71A73627C884FB00C954F2 /* Frameworks */,
				8B71A73727C884FB00C954F2 /* Resources */,
			);
			buildRules = (
			);
			dependencies = (
				8B71A73B27C884FB00C954F2 /* PBXTargetDependency */,
			);
			name = "PM2-Practica4_CalculadoraUITests";
			productName = "PM2-Practica4_CalculadoraUITests";
			productReference = 8B71A73927C884FB00C954F2 /* PM2-Practica4_CalculadoraUITests.xctest */;
			productType = "com.apple.product-type.bundle.ui-testing";
		};
/* End PBXNativeTarget section */

/* Begin PBXProject section */
		8B71A71127C884FA00C954F2 /* Project object */ = {
			isa = PBXProject;
			attributes = {
				BuildIndependentTargetsInParallel = 1;
				LastSwiftUpdateCheck = 1320;
				LastUpgradeCheck = 1320;
				TargetAttributes = {
					8B71A71827C884FA00C954F2 = {
						CreatedOnToolsVersion = 13.2.1;
					};
					8B71A72E27C884FB00C954F2 = {
						CreatedOnToolsVersion = 13.2.1;
						TestTargetID = 8B71A71827C884FA00C954F2;
					};
					8B71A73827C884FB00C954F2 = {
						CreatedOnToolsVersion = 13.2.1;
						TestTargetID = 8B71A71827C884FA00C954F2;
					};
				};
			};
			buildConfigurationList = 8B71A71427C884FA00C954F2 /* Build configuration list for PBXProject "PM2-Practica4_Calculadora" */;
			compatibilityVersion = "Xcode 13.0";
			developmentRegion = en;
			hasScannedForEncodings = 0;
			knownRegions = (
				en,
				Base,
			);
			mainGroup = 8B71A71027C884FA00C954F2;
			productRefGroup = 8B71A71A27C884FA00C954F2 /* Products */;
			projectDirPath = "";
			projectRoot = "";
			targets = (
				8B71A71827C884FA00C954F2 /* PM2-Practica4_Calculadora */,
				8B71A72E27C884FB00C954F2 /* PM2-Practica4_CalculadoraTests */,
				8B71A73827C884FB00C954F2 /* PM2-Practica4_CalculadoraUITests */,
			);
		};
/* End PBXProject section */

/* Begin PBXResourcesBuildPhase section */
		8B71A71727C884FA00C954F2 /* Resources */ = {
			isa = PBXResourcesBuildPhase;
			buildActionMask = 2147483647;
			files = (
				8B71A72927C884FB00C954F2 /* LaunchScreen.storyboard in Resources */,
				8B71A72627C884FB00C954F2 /* Assets.xcassets in Resources */,
				8B71A72427C884FA00C954F2 /* Main.storyboard in Resources */,
			);
			runOnlyForDeploymentPostprocessing = 0;
		};
		8B71A72D27C884FB00C954F2 /* Resources */ = {
			isa = PBXResourcesBuildPhase;
			buildActionMask = 2147483647;
			files = (
			);
			runOnlyForDeploymentPostprocessing = 0;
		};
		8B71A73727C884FB00C954F2 /* Resources */ = {
			isa = PBXResourcesBuildPhase;
			buildActionMask = 2147483647;
			files = (
			);
			runOnlyForDeploymentPostprocessing = 0;
		};
/* End PBXResourcesBuildPhase section */

/* Begin PBXSourcesBuildPhase section */
		8B71A71527C884FA00C954F2 /* Sources */ = {
			isa = PBXSourcesBuildPhase;
			buildActionMask = 2147483647;
			files = (
				8B8B1BCB27CE718F00C24471 /* CerebroCalculadora.swift in Sources */,
				8B71A72127C884FA00C954F2 /* ViewController.swift in Sources */,
				8B71A71D27C884FA00C954F2 /* AppDelegate.swift in Sources */,
				8B71A74D27C8853E00C954F2 /* SegundoViewController.swift in Sources */,
				8B8B1BCD27CE729800C24471 /* IMSS.swift in Sources */,
				8B71A71F27C884FA00C954F2 /* SceneDelegate.swift in Sources */,
			);
			runOnlyForDeploymentPostprocessing = 0;
		};
		8B71A72B27C884FB00C954F2 /* Sources */ = {
			isa = PBXSourcesBuildPhase;
			buildActionMask = 2147483647;
			files = (
				8B71A73427C884FB00C954F2 /* PM2_Practica4_CalculadoraTests.swift in Sources */,
			);
			runOnlyForDeploymentPostprocessing = 0;
		};
		8B71A73527C884FB00C954F2 /* Sources */ = {
			isa = PBXSourcesBuildPhase;
			buildActionMask = 2147483647;
			files = (
				8B71A74027C884FB00C954F2 /* PM2_Practica4_CalculadoraUITestsLaunchTests.swift in Sources */,
				8B71A73E27C884FB00C954F2 /* PM2_Practica4_CalculadoraUITests.swift in Sources */,
			);
			runOnlyForDeploymentPostprocessing = 0;
		};
/* End PBXSourcesBuildPhase section */

/* Begin PBXTargetDependency section */
		8B71A73127C884FB00C954F2 /* PBXTargetDependency */ = {
			isa = PBXTargetDependency;
			target = 8B71A71827C884FA00C954F2 /* PM2-Practica4_Calculadora */;
			targetProxy = 8B71A73027C884FB00C954F2 /* PBXContainerItemProxy */;
		};
		8B71A73B27C884FB00C954F2 /* PBXTargetDependency */ = {
			isa = PBXTargetDependency;
			target = 8B71A71827C884FA00C954F2 /* PM2-Practica4_Calculadora */;
			targetProxy = 8B71A73A27C884FB00C954F2 /* PBXContainerItemProxy */;
		};
/* End PBXTargetDependency section */

/* Begin PBXVariantGroup section */
		8B71A72227C884FA00C954F2 /* Main.storyboard */ = {
			isa = PBXVariantGroup;
			children = (
				8B71A72327C884FA00C954F2 /* Base */,
			);
			name = Main.storyboard;
			sourceTree = "<group>";
		};
		8B71A72727C884FB00C954F2 /* LaunchScreen.storyboard */ = {
			isa = PBXVariantGroup;
			children = (
				8B71A72827C884FB00C954F2 /* Base */,
			);
			name = LaunchScreen.storyboard;
			sourceTree = "<group>";
		};
/* End PBXVariantGroup section */

/* Begin XCBuildConfiguration section */
		8B71A74127C884FC00C954F2 /* Debug */ = {
			isa = XCBuildConfiguration;
			buildSettings = {
				ALWAYS_SEARCH_USER_PATHS = NO;
				CLANG_ANALYZER_NONNULL = YES;
				CLANG_ANALYZER_NUMBER_OBJECT_CONVERSION = YES_AGGRESSIVE;
				CLANG_CXX_LANGUAGE_STANDARD = "gnu++17";
				CLANG_CXX_LIBRARY = "libc++";
				CLANG_ENABLE_MODULES = YES;
				CLANG_ENABLE_OBJC_ARC = YES;
				CLANG_ENABLE_OBJC_WEAK = YES;
				CLANG_WARN_BLOCK_CAPTURE_AUTORELEASING = YES;
				CLANG_WARN_BOOL_CONVERSION = YES;
				CLANG_WARN_COMMA = YES;
				CLANG_WARN_CONSTANT_CONVERSION = YES;
				CLANG_WARN_DEPRECATED_OBJC_IMPLEMENTATIONS = YES;
				CLANG_WARN_DIRECT_OBJC_ISA_USAGE = YES_ERROR;
				CLANG_WARN_DOCUMENTATION_COMMENTS = YES;
				CLANG_WARN_EMPTY_BODY = YES;
				CLANG_WARN_ENUM_CONVERSION = YES;
				CLANG_WARN_INFINITE_RECURSION = YES;
				CLANG_WARN_INT_CONVERSION = YES;
				CLANG_WARN_NON_LITERAL_NULL_CONVERSION = YES;
				CLANG_WARN_OBJC_IMPLICIT_RETAIN_SELF = YES;
				CLANG_WARN_OBJC_LITERAL_CONVERSION = YES;
				CLANG_WARN_OBJC_ROOT_CLASS = YES_ERROR;
				CLANG_WARN_QUOTED_INCLUDE_IN_FRAMEWORK_HEADER = YES;
				CLANG_WARN_RANGE_LOOP_ANALYSIS = YES;
				CLANG_WARN_STRICT_PROTOTYPES = YES;
				CLANG_WARN_SUSPICIOUS_MOVE = YES;
				CLANG_WARN_UNGUARDED_AVAILABILITY = YES_AGGRESSIVE;
				CLANG_WARN_UNREACHABLE_CODE = YES;
				CLANG_WARN__DUPLICATE_METHOD_MATCH = YES;
				COPY_PHASE_STRIP = NO;
				DEBUG_INFORMATION_FORMAT = dwarf;
				ENABLE_STRICT_OBJC_MSGSEND = YES;
				ENABLE_TESTABILITY = YES;
				GCC_C_LANGUAGE_STANDARD = gnu11;
				GCC_DYNAMIC_NO_PIC = NO;
				GCC_NO_COMMON_BLOCKS = YES;
				GCC_OPTIMIZATION_LEVEL = 0;
				GCC_PREPROCESSOR_DEFINITIONS = (
					"DEBUG=1",
					"$(inherited)",
				);
				GCC_WARN_64_TO_32_BIT_CONVERSION = YES;
				GCC_WARN_ABOUT_RETURN_TYPE = YES_ERROR;
				GCC_WARN_UNDECLARED_SELECTOR = YES;
				GCC_WARN_UNINITIALIZED_AUTOS = YES_AGGRESSIVE;
				GCC_WARN_UNUSED_FUNCTION = YES;
				GCC_WARN_UNUSED_VARIABLE = YES;
				IPHONEOS_DEPLOYMENT_TARGET = 15.2;
				MTL_ENABLE_DEBUG_INFO = INCLUDE_SOURCE;
				MTL_FAST_MATH = YES;
				ONLY_ACTIVE_ARCH = YES;
				SDKROOT = iphoneos;
				SWIFT_ACTIVE_COMPILATION_CONDITIONS = DEBUG;
				SWIFT_OPTIMIZATION_LEVEL = "-Onone";
			};
			name = Debug;
		};
		8B71A74227C884FC00C954F2 /* Release */ = {
			isa = XCBuildConfiguration;
			buildSettings = {
				ALWAYS_SEARCH_USER_PATHS = NO;
				CLANG_ANALYZER_NONNULL = YES;
				CLANG_ANALYZER_NUMBER_OBJECT_CONVERSION = YES_AGGRESSIVE;
				CLANG_CXX_LANGUAGE_STANDARD = "gnu++17";
				CLANG_CXX_LIBRARY = "libc++";
				CLANG_ENABLE_MODULES = YES;
				CLANG_ENABLE_OBJC_ARC = YES;
				CLANG_ENABLE_OBJC_WEAK = YES;
				CLANG_WARN_BLOCK_CAPTURE_AUTORELEASING = YES;
				CLANG_WARN_BOOL_CONVERSION = YES;
				CLANG_WARN_COMMA = YES;
				CLANG_WARN_CONSTANT_CONVERSION = YES;
				CLANG_WARN_DEPRECATED_OBJC_IMPLEMENTATIONS = YES;
				CLANG_WARN_DIRECT_OBJC_ISA_USAGE = YES_ERROR;
				CLANG_WARN_DOCUMENTATION_COMMENTS = YES;
				CLANG_WARN_EMPTY_BODY = YES;
				CLANG_WARN_ENUM_CONVERSION = YES;
				CLANG_WARN_INFINITE_RECURSION = YES;
				CLANG_WARN_INT_CONVERSION = YES;
				CLANG_WARN_NON_LITERAL_NULL_CONVERSION = YES;
				CLANG_WARN_OBJC_IMPLICIT_RETAIN_SELF = YES;
				CLANG_WARN_OBJC_LITERAL_CONVERSION = YES;
				CLANG_WARN_OBJC_ROOT_CLASS = YES_ERROR;
				CLANG_WARN_QUOTED_INCLUDE_IN_FRAMEWORK_HEADER = YES;
				CLANG_WARN_RANGE_LOOP_ANALYSIS = YES;
				CLANG_WARN_STRICT_PROTOTYPES = YES;
				CLANG_WARN_SUSPICIOUS_MOVE = YES;
				CLANG_WARN_UNGUARDED_AVAILABILITY = YES_AGGRESSIVE;
				CLANG_WARN_UNREACHABLE_CODE = YES;
				CLANG_WARN__DUPLICATE_METHOD_MATCH = YES;
				COPY_PHASE_STRIP = NO;
				DEBUG_INFORMATION_FORMAT = "dwarf-with-dsym";
				ENABLE_NS_ASSERTIONS = NO;
				ENABLE_STRICT_OBJC_MSGSEND = YES;
				GCC_C_LANGUAGE_STANDARD = gnu11;
				GCC_NO_COMMON_BLOCKS = YES;
				GCC_WARN_64_TO_32_BIT_CONVERSION = YES;
				GCC_WARN_ABOUT_RETURN_TYPE = YES_ERROR;
				GCC_WARN_UNDECLARED_SELECTOR = YES;
				GCC_WARN_UNINITIALIZED_AUTOS = YES_AGGRESSIVE;
				GCC_WARN_UNUSED_FUNCTION = YES;
				GCC_WARN_UNUSED_VARIABLE = YES;
				IPHONEOS_DEPLOYMENT_TARGET = 15.2;
				MTL_ENABLE_DEBUG_INFO = NO;
				MTL_FAST_MATH = YES;
				SDKROOT = iphoneos;
				SWIFT_COMPILATION_MODE = wholemodule;
				SWIFT_OPTIMIZATION_LEVEL = "-O";
				VALIDATE_PRODUCT = YES;
			};
			name = Release;
		};
		8B71A74427C884FC00C954F2 /* Debug */ = {
			isa = XCBuildConfiguration;
			buildSettings = {
				ASSETCATALOG_COMPILER_APPICON_NAME = AppIcon;
				ASSETCATALOG_COMPILER_GLOBAL_ACCENT_COLOR_NAME = AccentColor;
				CODE_SIGN_STYLE = Automatic;
				CURRENT_PROJECT_VERSION = 1;
				DEVELOPMENT_TEAM = FCHLU6LK6Y;
				GENERATE_INFOPLIST_FILE = YES;
				INFOPLIST_FILE = "PM2-Practica4_Calculadora/Info.plist";
				INFOPLIST_KEY_UIApplicationSupportsIndirectInputEvents = YES;
				INFOPLIST_KEY_UILaunchStoryboardName = LaunchScreen;
				INFOPLIST_KEY_UIMainStoryboardFile = Main;
				INFOPLIST_KEY_UISupportedInterfaceOrientations_iPad = "UIInterfaceOrientationPortrait UIInterfaceOrientationPortraitUpsideDown UIInterfaceOrientationLandscapeLeft UIInterfaceOrientationLandscapeRight";
				INFOPLIST_KEY_UISupportedInterfaceOrientations_iPhone = "UIInterfaceOrientationPortrait UIInterfaceOrientationLandscapeLeft UIInterfaceOrientationLandscapeRight";
				LD_RUNPATH_SEARCH_PATHS = (
					"$(inherited)",
					"@executable_path/Frameworks",
				);
				MARKETING_VERSION = 1.0;
				PRODUCT_BUNDLE_IDENTIFIER = "Alexander.PM2-Practica4-Calculadora";
				PRODUCT_NAME = "$(TARGET_NAME)";
				SWIFT_EMIT_LOC_STRINGS = YES;
				SWIFT_VERSION = 5.0;
				TARGETED_DEVICE_FAMILY = "1,2";
			};
			name = Debug;
		};
		8B71A74527C884FC00C954F2 /* Release */ = {
			isa = XCBuildConfiguration;
			buildSettings = {
				ASSETCATALOG_COMPILER_APPICON_NAME = AppIcon;
				ASSETCATALOG_COMPILER_GLOBAL_ACCENT_COLOR_NAME = AccentColor;
				CODE_SIGN_STYLE = Automatic;
				CURRENT_PROJECT_VERSION = 1;
				DEVELOPMENT_TEAM = FCHLU6LK6Y;
				GENERATE_INFOPLIST_FILE = YES;
				INFOPLIST_FILE = "PM2-Practica4_Calculadora/Info.plist";
				INFOPLIST_KEY_UIApplicationSupportsIndirectInputEvents = YES;
				INFOPLIST_KEY_UILaunchStoryboardName = LaunchScreen;
				INFOPLIST_KEY_UIMainStoryboardFile = Main;
				INFOPLIST_KEY_UISupportedInterfaceOrientations_iPad = "UIInterfaceOrientationPortrait UIInterfaceOrientationPortraitUpsideDown UIInterfaceOrientationLandscapeLeft UIInterfaceOrientationLandscapeRight";
				INFOPLIST_KEY_UISupportedInterfaceOrientations_iPhone = "UIInterfaceOrientationPortrait UIInterfaceOrientationLandscapeLeft UIInterfaceOrientationLandscapeRight";
				LD_RUNPATH_SEARCH_PATHS = (
					"$(inherited)",
					"@executable_path/Frameworks",
				);
				MARKETING_VERSION = 1.0;
				PRODUCT_BUNDLE_IDENTIFIER = "Alexander.PM2-Practica4-Calculadora";
				PRODUCT_NAME = "$(TARGET_NAME)";
				SWIFT_EMIT_LOC_STRINGS = YES;
				SWIFT_VERSION = 5.0;
				TARGETED_DEVICE_FAMILY = "1,2";
			};
			name = Release;
		};
		8B71A74727C884FC00C954F2 /* Debug */ = {
			isa = XCBuildConfiguration;
			buildSettings = {
				ALWAYS_EMBED_SWIFT_STANDARD_LIBRARIES = YES;
				BUNDLE_LOADER = "$(TEST_HOST)";
				CODE_SIGN_STYLE = Automatic;
				CURRENT_PROJECT_VERSION = 1;
				DEVELOPMENT_TEAM = FCHLU6LK6Y;
				GENERATE_INFOPLIST_FILE = YES;
				IPHONEOS_DEPLOYMENT_TARGET = 15.2;
				MARKETING_VERSION = 1.0;
				PRODUCT_BUNDLE_IDENTIFIER = "Alexander.PM2-Practica4-CalculadoraTests";
				PRODUCT_NAME = "$(TARGET_NAME)";
				SWIFT_EMIT_LOC_STRINGS = NO;
				SWIFT_VERSION = 5.0;
				TARGETED_DEVICE_FAMILY = "1,2";
				TEST_HOST = "$(BUILT_PRODUCTS_DIR)/PM2-Practica4_Calculadora.app/PM2-Practica4_Calculadora";
			};
			name = Debug;
		};
		8B71A74827C884FC00C954F2 /* Release */ = {
			isa = XCBuildConfiguration;
			buildSettings = {
				ALWAYS_EMBED_SWIFT_STANDARD_LIBRARIES = YES;
				BUNDLE_LOADER = "$(TEST_HOST)";
				CODE_SIGN_STYLE = Automatic;
				CURRENT_PROJECT_VERSION = 1;
				DEVELOPMENT_TEAM = FCHLU6LK6Y;
				GENERATE_INFOPLIST_FILE = YES;
				IPHONEOS_DEPLOYMENT_TARGET = 15.2;
				MARKETING_VERSION = 1.0;
				PRODUCT_BUNDLE_IDENTIFIER = "Alexander.PM2-Practica4-CalculadoraTests";
				PRODUCT_NAME = "$(TARGET_NAME)";
				SWIFT_EMIT_LOC_STRINGS = NO;
				SWIFT_VERSION = 5.0;
				TARGETED_DEVICE_FAMILY = "1,2";
				TEST_HOST = "$(BUILT_PRODUCTS_DIR)/PM2-Practica4_Calculadora.app/PM2-Practica4_Calculadora";
			};
			name = Release;
		};
		8B71A74A27C884FC00C954F2 /* Debug */ = {
			isa = XCBuildConfiguration;
			buildSettings = {
				ALWAYS_EMBED_SWIFT_STANDARD_LIBRARIES = YES;
				CODE_SIGN_STYLE = Automatic;
				CURRENT_PROJECT_VERSION = 1;
				DEVELOPMENT_TEAM = FCHLU6LK6Y;
				GENERATE_INFOPLIST_FILE = YES;
				MARKETING_VERSION = 1.0;
				PRODUCT_BUNDLE_IDENTIFIER = "Alexander.PM2-Practica4-CalculadoraUITests";
				PRODUCT_NAME = "$(TARGET_NAME)";
				SWIFT_EMIT_LOC_STRINGS = NO;
				SWIFT_VERSION = 5.0;
				TARGETED_DEVICE_FAMILY = "1,2";
				TEST_TARGET_NAME = "PM2-Practica4_Calculadora";
			};
			name = Debug;
		};
		8B71A74B27C884FC00C954F2 /* Release */ = {
			isa = XCBuildConfiguration;
			buildSettings = {
				ALWAYS_EMBED_SWIFT_STANDARD_LIBRARIES = YES;
				CODE_SIGN_STYLE = Automatic;
				CURRENT_PROJECT_VERSION = 1;
				DEVELOPMENT_TEAM = FCHLU6LK6Y;
				GENERATE_INFOPLIST_FILE = YES;
				MARKETING_VERSION = 1.0;
				PRODUCT_BUNDLE_IDENTIFIER = "Alexander.PM2-Practica4-CalculadoraUITests";
				PRODUCT_NAME = "$(TARGET_NAME)";
				SWIFT_EMIT_LOC_STRINGS = NO;
				SWIFT_VERSION = 5.0;
				TARGETED_DEVICE_FAMILY = "1,2";
				TEST_TARGET_NAME = "PM2-Practica4_Calculadora";
			};
			name = Release;
		};
/* End XCBuildConfiguration section */

/* Begin XCConfigurationList section */
		8B71A71427C884FA00C954F2 /* Build configuration list for PBXProject "PM2-Practica4_Calculadora" */ = {
			isa = XCConfigurationList;
			buildConfigurations = (
				8B71A74127C884FC00C954F2 /* Debug */,
				8B71A74227C884FC00C954F2 /* Release */,
			);
			defaultConfigurationIsVisible = 0;
			defaultConfigurationName = Release;
		};
		8B71A74327C884FC00C954F2 /* Build configuration list for PBXNativeTarget "PM2-Practica4_Calculadora" */ = {
			isa = XCConfigurationList;
			buildConfigurations = (
				8B71A74427C884FC00C954F2 /* Debug */,
				8B71A74527C884FC00C954F2 /* Release */,
			);
			defaultConfigurationIsVisible = 0;
			defaultConfigurationName = Release;
		};
		8B71A74627C884FC00C954F2 /* Build configuration list for PBXNativeTarget "PM2-Practica4_CalculadoraTests" */ = {
			isa = XCConfigurationList;
			buildConfigurations = (
				8B71A74727C884FC00C954F2 /* Debug */,
				8B71A74827C884FC00C954F2 /* Release */,
			);
			defaultConfigurationIsVisible = 0;
			defaultConfigurationName = Release;
		};
		8B71A74927C884FC00C954F2 /* Build configuration list for PBXNativeTarget "PM2-Practica4_CalculadoraUITests" */ = {
			isa = XCConfigurationList;
			buildConfigurations = (
				8B71A74A27C884FC00C954F2 /* Debug */,
				8B71A74B27C884FC00C954F2 /* Release */,
			);
			defaultConfigurationIsVisible = 0;
			defaultConfigurationName = Release;
		};
/* End XCConfigurationList section */
	};
	rootObject = 8B71A71127C884FA00C954F2 /* Project object */;
}
